// !$*UTF8*$!
{
	archiveVersion = 1;
	classes = {
	};
	objectVersion = 56;
	objects = {

/* Begin PBXBuildFile section */
		EC3C27E62C7690940058BED6 /* Bolt in Frameworks */ = {isa = PBXBuildFile; productRef = EC3C27E52C7690940058BED6 /* Bolt */; };
		EC44FE5B2BA63431006608A3 /* Bolt in Frameworks */ = {isa = PBXBuildFile; productRef = EC44FE5A2BA63431006608A3 /* Bolt */; };
		EC45CB2E2BEBA40900CD04A9 /* CheckoutSignInView.swift in Sources */ = {isa = PBXBuildFile; fileRef = EC45CB2D2BEBA40900CD04A9 /* CheckoutSignInView.swift */; };
		EC45CB302BEBAE4E00CD04A9 /* UIKitComponentsView.swift in Sources */ = {isa = PBXBuildFile; fileRef = EC45CB2F2BEBAE4E00CD04A9 /* UIKitComponentsView.swift */; };
		EC45CB332BEBB00100CD04A9 /* EmailInfoButtonViewController.swift in Sources */ = {isa = PBXBuildFile; fileRef = EC45CB322BEBB00100CD04A9 /* EmailInfoButtonViewController.swift */; };
		EC45CB352BEC67A800CD04A9 /* ViewUtils.swift in Sources */ = {isa = PBXBuildFile; fileRef = EC45CB342BEC67A800CD04A9 /* ViewUtils.swift */; };
		EC4E072F2C17B31B00A04608 /* EmailValidator.swift in Sources */ = {isa = PBXBuildFile; fileRef = EC4E072E2C17B31B00A04608 /* EmailValidator.swift */; };
		EC5256D22A56393F003EA12A /* AnalyticsView.swift in Sources */ = {isa = PBXBuildFile; fileRef = EC5256D12A56393F003EA12A /* AnalyticsView.swift */; };
		EC665F4C29D7065C00C1ABBE /* TokenizerView.swift in Sources */ = {isa = PBXBuildFile; fileRef = EC665F4B29D7065C00C1ABBE /* TokenizerView.swift */; };
		EC93C6E52BA1D018002E1C92 /* SwiftUIComponentsView.swift in Sources */ = {isa = PBXBuildFile; fileRef = EC93C6E42BA1D018002E1C92 /* SwiftUIComponentsView.swift */; };
		EC93C6E82BA1D152002E1C92 /* EmailInfoButtonView.swift in Sources */ = {isa = PBXBuildFile; fileRef = EC93C6E72BA1D152002E1C92 /* EmailInfoButtonView.swift */; };
		EC93C6EE2BA1D624002E1C92 /* PreCheckoutSignInView.swift in Sources */ = {isa = PBXBuildFile; fileRef = EC93C6ED2BA1D624002E1C92 /* PreCheckoutSignInView.swift */; };
		EC93C6F02BA1D76B002E1C92 /* SignedInStatusButtonView.swift in Sources */ = {isa = PBXBuildFile; fileRef = EC93C6EF2BA1D76B002E1C92 /* SignedInStatusButtonView.swift */; };
		EC93C6F22BA1D7F8002E1C92 /* AccountCreationCheckboxView.swift in Sources */ = {isa = PBXBuildFile; fileRef = EC93C6F12BA1D7F8002E1C92 /* AccountCreationCheckboxView.swift */; };
		ECA8C7722C074554008D8EC6 /* SignedInStatusButtonViewController.swift in Sources */ = {isa = PBXBuildFile; fileRef = ECA8C7712C074554008D8EC6 /* SignedInStatusButtonViewController.swift */; };
		ECA8C7742C074685008D8EC6 /* UIViewController+AddChild.swift in Sources */ = {isa = PBXBuildFile; fileRef = ECA8C7732C074685008D8EC6 /* UIViewController+AddChild.swift */; };
		ECA8C7762C0747E7008D8EC6 /* AccountCreationCheckboxViewController.swift in Sources */ = {isa = PBXBuildFile; fileRef = ECA8C7752C0747E7008D8EC6 /* AccountCreationCheckboxViewController.swift */; };
		ECA8C7782C07580A008D8EC6 /* PreCheckoutSignInViewController.swift in Sources */ = {isa = PBXBuildFile; fileRef = ECA8C7772C07580A008D8EC6 /* PreCheckoutSignInViewController.swift */; };
		ECA8C77A2C075C3B008D8EC6 /* CheckoutSignInViewController.swift in Sources */ = {isa = PBXBuildFile; fileRef = ECA8C7792C075C3B008D8EC6 /* CheckoutSignInViewController.swift */; };
		ECA8C77C2C075F69008D8EC6 /* UITextField+UserDefaults.swift in Sources */ = {isa = PBXBuildFile; fileRef = ECA8C77B2C075F69008D8EC6 /* UITextField+UserDefaults.swift */; };
		ECEA8E8E29C77A49004BFEDD /* ExampleApp.swift in Sources */ = {isa = PBXBuildFile; fileRef = ECEA8E8D29C77A49004BFEDD /* ExampleApp.swift */; };
		ECEA8E9029C77A49004BFEDD /* HomeView.swift in Sources */ = {isa = PBXBuildFile; fileRef = ECEA8E8F29C77A49004BFEDD /* HomeView.swift */; };
		ECEA8E9229C77A4B004BFEDD /* Assets.xcassets in Resources */ = {isa = PBXBuildFile; fileRef = ECEA8E9129C77A4B004BFEDD /* Assets.xcassets */; };
		ECEA8E9529C77A4B004BFEDD /* Preview Assets.xcassets in Resources */ = {isa = PBXBuildFile; fileRef = ECEA8E9429C77A4B004BFEDD /* Preview Assets.xcassets */; };
/* End PBXBuildFile section */

/* Begin PBXFileReference section */
		EC45CB2D2BEBA40900CD04A9 /* CheckoutSignInView.swift */ = {isa = PBXFileReference; lastKnownFileType = sourcecode.swift; path = CheckoutSignInView.swift; sourceTree = "<group>"; };
		EC45CB2F2BEBAE4E00CD04A9 /* UIKitComponentsView.swift */ = {isa = PBXFileReference; lastKnownFileType = sourcecode.swift; path = UIKitComponentsView.swift; sourceTree = "<group>"; };
		EC45CB322BEBB00100CD04A9 /* EmailInfoButtonViewController.swift */ = {isa = PBXFileReference; lastKnownFileType = sourcecode.swift; path = EmailInfoButtonViewController.swift; sourceTree = "<group>"; };
		EC45CB342BEC67A800CD04A9 /* ViewUtils.swift */ = {isa = PBXFileReference; lastKnownFileType = sourcecode.swift; path = ViewUtils.swift; sourceTree = "<group>"; };
		EC4E072E2C17B31B00A04608 /* EmailValidator.swift */ = {isa = PBXFileReference; lastKnownFileType = sourcecode.swift; path = EmailValidator.swift; sourceTree = "<group>"; };
		EC5256D12A56393F003EA12A /* AnalyticsView.swift */ = {isa = PBXFileReference; lastKnownFileType = sourcecode.swift; path = AnalyticsView.swift; sourceTree = "<group>"; };
		EC665F4B29D7065C00C1ABBE /* TokenizerView.swift */ = {isa = PBXFileReference; lastKnownFileType = sourcecode.swift; path = TokenizerView.swift; sourceTree = "<group>"; };
		EC93C6E42BA1D018002E1C92 /* SwiftUIComponentsView.swift */ = {isa = PBXFileReference; lastKnownFileType = sourcecode.swift; path = SwiftUIComponentsView.swift; sourceTree = "<group>"; };
		EC93C6E72BA1D152002E1C92 /* EmailInfoButtonView.swift */ = {isa = PBXFileReference; lastKnownFileType = sourcecode.swift; path = EmailInfoButtonView.swift; sourceTree = "<group>"; };
		EC93C6ED2BA1D624002E1C92 /* PreCheckoutSignInView.swift */ = {isa = PBXFileReference; lastKnownFileType = sourcecode.swift; path = PreCheckoutSignInView.swift; sourceTree = "<group>"; };
		EC93C6EF2BA1D76B002E1C92 /* SignedInStatusButtonView.swift */ = {isa = PBXFileReference; lastKnownFileType = sourcecode.swift; path = SignedInStatusButtonView.swift; sourceTree = "<group>"; };
		EC93C6F12BA1D7F8002E1C92 /* AccountCreationCheckboxView.swift */ = {isa = PBXFileReference; lastKnownFileType = sourcecode.swift; path = AccountCreationCheckboxView.swift; sourceTree = "<group>"; };
		ECA8C7712C074554008D8EC6 /* SignedInStatusButtonViewController.swift */ = {isa = PBXFileReference; lastKnownFileType = sourcecode.swift; path = SignedInStatusButtonViewController.swift; sourceTree = "<group>"; };
		ECA8C7732C074685008D8EC6 /* UIViewController+AddChild.swift */ = {isa = PBXFileReference; lastKnownFileType = sourcecode.swift; path = "UIViewController+AddChild.swift"; sourceTree = "<group>"; };
		ECA8C7752C0747E7008D8EC6 /* AccountCreationCheckboxViewController.swift */ = {isa = PBXFileReference; lastKnownFileType = sourcecode.swift; path = AccountCreationCheckboxViewController.swift; sourceTree = "<group>"; };
		ECA8C7772C07580A008D8EC6 /* PreCheckoutSignInViewController.swift */ = {isa = PBXFileReference; lastKnownFileType = sourcecode.swift; path = PreCheckoutSignInViewController.swift; sourceTree = "<group>"; };
		ECA8C7792C075C3B008D8EC6 /* CheckoutSignInViewController.swift */ = {isa = PBXFileReference; lastKnownFileType = sourcecode.swift; path = CheckoutSignInViewController.swift; sourceTree = "<group>"; };
		ECA8C77B2C075F69008D8EC6 /* UITextField+UserDefaults.swift */ = {isa = PBXFileReference; lastKnownFileType = sourcecode.swift; path = "UITextField+UserDefaults.swift"; sourceTree = "<group>"; };
		ECEA8E8A29C77A49004BFEDD /* Bolt SDK Example.app */ = {isa = PBXFileReference; explicitFileType = wrapper.application; includeInIndex = 0; path = "Bolt SDK Example.app"; sourceTree = BUILT_PRODUCTS_DIR; };
		ECEA8E8D29C77A49004BFEDD /* ExampleApp.swift */ = {isa = PBXFileReference; lastKnownFileType = sourcecode.swift; path = ExampleApp.swift; sourceTree = "<group>"; };
		ECEA8E8F29C77A49004BFEDD /* HomeView.swift */ = {isa = PBXFileReference; lastKnownFileType = sourcecode.swift; path = HomeView.swift; sourceTree = "<group>"; };
		ECEA8E9129C77A4B004BFEDD /* Assets.xcassets */ = {isa = PBXFileReference; lastKnownFileType = folder.assetcatalog; path = Assets.xcassets; sourceTree = "<group>"; };
		ECEA8E9429C77A4B004BFEDD /* Preview Assets.xcassets */ = {isa = PBXFileReference; lastKnownFileType = folder.assetcatalog; path = "Preview Assets.xcassets"; sourceTree = "<group>"; };
/* End PBXFileReference section */

/* Begin PBXFrameworksBuildPhase section */
		ECEA8E8729C77A49004BFEDD /* Frameworks */ = {
			isa = PBXFrameworksBuildPhase;
			buildActionMask = 2147483647;
			files = (
				EC44FE5B2BA63431006608A3 /* Bolt in Frameworks */,
				EC3C27E62C7690940058BED6 /* Bolt in Frameworks */,
			);
			runOnlyForDeploymentPostprocessing = 0;
		};
/* End PBXFrameworksBuildPhase section */

/* Begin PBXGroup section */
		EC45CB312BEBAE8C00CD04A9 /* UIKitComponents */ = {
			isa = PBXGroup;
			children = (
				ECA8C7772C07580A008D8EC6 /* PreCheckoutSignInViewController.swift */,
				ECA8C7792C075C3B008D8EC6 /* CheckoutSignInViewController.swift */,
				EC45CB322BEBB00100CD04A9 /* EmailInfoButtonViewController.swift */,
				ECA8C7712C074554008D8EC6 /* SignedInStatusButtonViewController.swift */,
				ECA8C7752C0747E7008D8EC6 /* AccountCreationCheckboxViewController.swift */,
			);
			path = UIKitComponents;
			sourceTree = "<group>";
		};
		EC93C6E62BA1D105002E1C92 /* SwiftUIComponents */ = {
			isa = PBXGroup;
			children = (
				EC93C6ED2BA1D624002E1C92 /* PreCheckoutSignInView.swift */,
				EC45CB2D2BEBA40900CD04A9 /* CheckoutSignInView.swift */,
				EC93C6E72BA1D152002E1C92 /* EmailInfoButtonView.swift */,
				EC93C6EF2BA1D76B002E1C92 /* SignedInStatusButtonView.swift */,
				EC93C6F12BA1D7F8002E1C92 /* AccountCreationCheckboxView.swift */,
			);
			path = SwiftUIComponents;
			sourceTree = "<group>";
		};
		EC93C6E92BA1D23D002E1C92 /* Packages */ = {
			isa = PBXGroup;
			children = (
			);
			name = Packages;
			sourceTree = "<group>";
		};
		ECEA8E8129C77A49004BFEDD = {
			isa = PBXGroup;
			children = (
				EC93C6E92BA1D23D002E1C92 /* Packages */,
				ECEA8E8C29C77A49004BFEDD /* Example */,
				ECEA8E8B29C77A49004BFEDD /* Products */,
				ECEA8EC029C91FA8004BFEDD /* Frameworks */,
			);
			sourceTree = "<group>";
		};
		ECEA8E8B29C77A49004BFEDD /* Products */ = {
			isa = PBXGroup;
			children = (
				ECEA8E8A29C77A49004BFEDD /* Bolt SDK Example.app */,
			);
			name = Products;
			sourceTree = "<group>";
		};
		ECEA8E8C29C77A49004BFEDD /* Example */ = {
			isa = PBXGroup;
			children = (
				EC45CB312BEBAE8C00CD04A9 /* UIKitComponents */,
				EC93C6E62BA1D105002E1C92 /* SwiftUIComponents */,
				ECEA8E8D29C77A49004BFEDD /* ExampleApp.swift */,
				ECEA8E8F29C77A49004BFEDD /* HomeView.swift */,
				EC93C6E42BA1D018002E1C92 /* SwiftUIComponentsView.swift */,
				EC45CB2F2BEBAE4E00CD04A9 /* UIKitComponentsView.swift */,
				EC665F4B29D7065C00C1ABBE /* TokenizerView.swift */,
				EC5256D12A56393F003EA12A /* AnalyticsView.swift */,
				EC45CB342BEC67A800CD04A9 /* ViewUtils.swift */,
				EC4E072E2C17B31B00A04608 /* EmailValidator.swift */,
				ECA8C7732C074685008D8EC6 /* UIViewController+AddChild.swift */,
				ECA8C77B2C075F69008D8EC6 /* UITextField+UserDefaults.swift */,
				ECEA8E9129C77A4B004BFEDD /* Assets.xcassets */,
				ECEA8E9329C77A4B004BFEDD /* Preview Content */,
			);
			path = Example;
			sourceTree = "<group>";
		};
		ECEA8E9329C77A4B004BFEDD /* Preview Content */ = {
			isa = PBXGroup;
			children = (
				ECEA8E9429C77A4B004BFEDD /* Preview Assets.xcassets */,
			);
			path = "Preview Content";
			sourceTree = "<group>";
		};
		ECEA8EC029C91FA8004BFEDD /* Frameworks */ = {
			isa = PBXGroup;
			children = (
			);
			name = Frameworks;
			sourceTree = "<group>";
		};
/* End PBXGroup section */

/* Begin PBXNativeTarget section */
		ECEA8E8929C77A49004BFEDD /* Bolt SDK Example */ = {
			isa = PBXNativeTarget;
			buildConfigurationList = ECEA8E9829C77A4B004BFEDD /* Build configuration list for PBXNativeTarget "Bolt SDK Example" */;
			buildPhases = (
				ECEA8E8629C77A49004BFEDD /* Sources */,
				ECEA8E8729C77A49004BFEDD /* Frameworks */,
				ECEA8E8829C77A49004BFEDD /* Resources */,
			);
			buildRules = (
			);
			dependencies = (
			);
			name = "Bolt SDK Example";
			packageProductDependencies = (
				EC44FE5A2BA63431006608A3 /* Bolt */,
				EC3C27E52C7690940058BED6 /* Bolt */,
			);
			productName = Example;
			productReference = ECEA8E8A29C77A49004BFEDD /* Bolt SDK Example.app */;
			productType = "com.apple.product-type.application";
		};
/* End PBXNativeTarget section */

/* Begin PBXProject section */
		ECEA8E8229C77A49004BFEDD /* Project object */ = {
			isa = PBXProject;
			attributes = {
				BuildIndependentTargetsInParallel = 1;
				LastSwiftUpdateCheck = 1400;
				LastUpgradeCheck = 1400;
				TargetAttributes = {
					ECEA8E8929C77A49004BFEDD = {
						CreatedOnToolsVersion = 14.0.1;
					};
				};
			};
			buildConfigurationList = ECEA8E8529C77A49004BFEDD /* Build configuration list for PBXProject "Example" */;
			compatibilityVersion = "Xcode 14.0";
			developmentRegion = en;
			hasScannedForEncodings = 0;
			knownRegions = (
				en,
				Base,
			);
			mainGroup = ECEA8E8129C77A49004BFEDD;
			packageReferences = (
			);
			productRefGroup = ECEA8E8B29C77A49004BFEDD /* Products */;
			projectDirPath = "";
			projectRoot = "";
			targets = (
				ECEA8E8929C77A49004BFEDD /* Bolt SDK Example */,
			);
		};
/* End PBXProject section */

/* Begin PBXResourcesBuildPhase section */
		ECEA8E8829C77A49004BFEDD /* Resources */ = {
			isa = PBXResourcesBuildPhase;
			buildActionMask = 2147483647;
			files = (
				ECEA8E9529C77A4B004BFEDD /* Preview Assets.xcassets in Resources */,
				ECEA8E9229C77A4B004BFEDD /* Assets.xcassets in Resources */,
			);
			runOnlyForDeploymentPostprocessing = 0;
		};
/* End PBXResourcesBuildPhase section */

/* Begin PBXSourcesBuildPhase section */
		ECEA8E8629C77A49004BFEDD /* Sources */ = {
			isa = PBXSourcesBuildPhase;
			buildActionMask = 2147483647;
			files = (
				EC45CB2E2BEBA40900CD04A9 /* CheckoutSignInView.swift in Sources */,
				EC93C6F02BA1D76B002E1C92 /* SignedInStatusButtonView.swift in Sources */,
				EC93C6E82BA1D152002E1C92 /* EmailInfoButtonView.swift in Sources */,
				ECA8C77C2C075F69008D8EC6 /* UITextField+UserDefaults.swift in Sources */,
				EC45CB352BEC67A800CD04A9 /* ViewUtils.swift in Sources */,
				ECA8C77A2C075C3B008D8EC6 /* CheckoutSignInViewController.swift in Sources */,
				EC93C6E52BA1D018002E1C92 /* SwiftUIComponentsView.swift in Sources */,
				ECEA8E9029C77A49004BFEDD /* HomeView.swift in Sources */,
				EC93C6EE2BA1D624002E1C92 /* PreCheckoutSignInView.swift in Sources */,
				ECA8C7782C07580A008D8EC6 /* PreCheckoutSignInViewController.swift in Sources */,
				ECA8C7722C074554008D8EC6 /* SignedInStatusButtonViewController.swift in Sources */,
				EC665F4C29D7065C00C1ABBE /* TokenizerView.swift in Sources */,
				EC45CB302BEBAE4E00CD04A9 /* UIKitComponentsView.swift in Sources */,
				EC5256D22A56393F003EA12A /* AnalyticsView.swift in Sources */,
				EC45CB332BEBB00100CD04A9 /* EmailInfoButtonViewController.swift in Sources */,
				EC93C6F22BA1D7F8002E1C92 /* AccountCreationCheckboxView.swift in Sources */,
				ECA8C7742C074685008D8EC6 /* UIViewController+AddChild.swift in Sources */,
				EC4E072F2C17B31B00A04608 /* EmailValidator.swift in Sources */,
				ECA8C7762C0747E7008D8EC6 /* AccountCreationCheckboxViewController.swift in Sources */,
				ECEA8E8E29C77A49004BFEDD /* ExampleApp.swift in Sources */,
			);
			runOnlyForDeploymentPostprocessing = 0;
		};
/* End PBXSourcesBuildPhase section */

/* Begin XCBuildConfiguration section */
		ECEA8E9629C77A4B004BFEDD /* Debug */ = {
			isa = XCBuildConfiguration;
			buildSettings = {
				ALWAYS_SEARCH_USER_PATHS = NO;
				CLANG_ANALYZER_NONNULL = YES;
				CLANG_ANALYZER_NUMBER_OBJECT_CONVERSION = YES_AGGRESSIVE;
				CLANG_CXX_LANGUAGE_STANDARD = "gnu++20";
				CLANG_ENABLE_MODULES = YES;
				CLANG_ENABLE_OBJC_ARC = YES;
				CLANG_ENABLE_OBJC_WEAK = YES;
				CLANG_WARN_BLOCK_CAPTURE_AUTORELEASING = YES;
				CLANG_WARN_BOOL_CONVERSION = YES;
				CLANG_WARN_COMMA = YES;
				CLANG_WARN_CONSTANT_CONVERSION = YES;
				CLANG_WARN_DEPRECATED_OBJC_IMPLEMENTATIONS = YES;
				CLANG_WARN_DIRECT_OBJC_ISA_USAGE = YES_ERROR;
				CLANG_WARN_DOCUMENTATION_COMMENTS = YES;
				CLANG_WARN_EMPTY_BODY = YES;
				CLANG_WARN_ENUM_CONVERSION = YES;
				CLANG_WARN_INFINITE_RECURSION = YES;
				CLANG_WARN_INT_CONVERSION = YES;
				CLANG_WARN_NON_LITERAL_NULL_CONVERSION = YES;
				CLANG_WARN_OBJC_IMPLICIT_RETAIN_SELF = YES;
				CLANG_WARN_OBJC_LITERAL_CONVERSION = YES;
				CLANG_WARN_OBJC_ROOT_CLASS = YES_ERROR;
				CLANG_WARN_QUOTED_INCLUDE_IN_FRAMEWORK_HEADER = YES;
				CLANG_WARN_RANGE_LOOP_ANALYSIS = YES;
				CLANG_WARN_STRICT_PROTOTYPES = YES;
				CLANG_WARN_SUSPICIOUS_MOVE = YES;
				CLANG_WARN_UNGUARDED_AVAILABILITY = YES_AGGRESSIVE;
				CLANG_WARN_UNREACHABLE_CODE = YES;
				CLANG_WARN__DUPLICATE_METHOD_MATCH = YES;
				COPY_PHASE_STRIP = NO;
				DEBUG_INFORMATION_FORMAT = dwarf;
				ENABLE_STRICT_OBJC_MSGSEND = YES;
				ENABLE_TESTABILITY = YES;
				GCC_C_LANGUAGE_STANDARD = gnu11;
				GCC_DYNAMIC_NO_PIC = NO;
				GCC_NO_COMMON_BLOCKS = YES;
				GCC_OPTIMIZATION_LEVEL = 0;
				GCC_PREPROCESSOR_DEFINITIONS = (
					"DEBUG=1",
					"$(inherited)",
				);
				GCC_WARN_64_TO_32_BIT_CONVERSION = YES;
				GCC_WARN_ABOUT_RETURN_TYPE = YES_ERROR;
				GCC_WARN_UNDECLARED_SELECTOR = YES;
				GCC_WARN_UNINITIALIZED_AUTOS = YES_AGGRESSIVE;
				GCC_WARN_UNUSED_FUNCTION = YES;
				GCC_WARN_UNUSED_VARIABLE = YES;
				IPHONEOS_DEPLOYMENT_TARGET = 16.0;
				MTL_ENABLE_DEBUG_INFO = INCLUDE_SOURCE;
				MTL_FAST_MATH = YES;
				ONLY_ACTIVE_ARCH = YES;
				SDKROOT = iphoneos;
				SWIFT_ACTIVE_COMPILATION_CONDITIONS = DEBUG;
				SWIFT_OPTIMIZATION_LEVEL = "-Onone";
			};
			name = Debug;
		};
		ECEA8E9729C77A4B004BFEDD /* Release */ = {
			isa = XCBuildConfiguration;
			buildSettings = {
				ALWAYS_SEARCH_USER_PATHS = NO;
				CLANG_ANALYZER_NONNULL = YES;
				CLANG_ANALYZER_NUMBER_OBJECT_CONVERSION = YES_AGGRESSIVE;
				CLANG_CXX_LANGUAGE_STANDARD = "gnu++20";
				CLANG_ENABLE_MODULES = YES;
				CLANG_ENABLE_OBJC_ARC = YES;
				CLANG_ENABLE_OBJC_WEAK = YES;
				CLANG_WARN_BLOCK_CAPTURE_AUTORELEASING = YES;
				CLANG_WARN_BOOL_CONVERSION = YES;
				CLANG_WARN_COMMA = YES;
				CLANG_WARN_CONSTANT_CONVERSION = YES;
				CLANG_WARN_DEPRECATED_OBJC_IMPLEMENTATIONS = YES;
				CLANG_WARN_DIRECT_OBJC_ISA_USAGE = YES_ERROR;
				CLANG_WARN_DOCUMENTATION_COMMENTS = YES;
				CLANG_WARN_EMPTY_BODY = YES;
				CLANG_WARN_ENUM_CONVERSION = YES;
				CLANG_WARN_INFINITE_RECURSION = YES;
				CLANG_WARN_INT_CONVERSION = YES;
				CLANG_WARN_NON_LITERAL_NULL_CONVERSION = YES;
				CLANG_WARN_OBJC_IMPLICIT_RETAIN_SELF = YES;
				CLANG_WARN_OBJC_LITERAL_CONVERSION = YES;
				CLANG_WARN_OBJC_ROOT_CLASS = YES_ERROR;
				CLANG_WARN_QUOTED_INCLUDE_IN_FRAMEWORK_HEADER = YES;
				CLANG_WARN_RANGE_LOOP_ANALYSIS = YES;
				CLANG_WARN_STRICT_PROTOTYPES = YES;
				CLANG_WARN_SUSPICIOUS_MOVE = YES;
				CLANG_WARN_UNGUARDED_AVAILABILITY = YES_AGGRESSIVE;
				CLANG_WARN_UNREACHABLE_CODE = YES;
				CLANG_WARN__DUPLICATE_METHOD_MATCH = YES;
				COPY_PHASE_STRIP = NO;
				DEBUG_INFORMATION_FORMAT = "dwarf-with-dsym";
				ENABLE_NS_ASSERTIONS = NO;
				ENABLE_STRICT_OBJC_MSGSEND = YES;
				GCC_C_LANGUAGE_STANDARD = gnu11;
				GCC_NO_COMMON_BLOCKS = YES;
				GCC_WARN_64_TO_32_BIT_CONVERSION = YES;
				GCC_WARN_ABOUT_RETURN_TYPE = YES_ERROR;
				GCC_WARN_UNDECLARED_SELECTOR = YES;
				GCC_WARN_UNINITIALIZED_AUTOS = YES_AGGRESSIVE;
				GCC_WARN_UNUSED_FUNCTION = YES;
				GCC_WARN_UNUSED_VARIABLE = YES;
				IPHONEOS_DEPLOYMENT_TARGET = 16.0;
				MTL_ENABLE_DEBUG_INFO = NO;
				MTL_FAST_MATH = YES;
				SDKROOT = iphoneos;
				SWIFT_COMPILATION_MODE = wholemodule;
				SWIFT_OPTIMIZATION_LEVEL = "-O";
				VALIDATE_PRODUCT = YES;
			};
			name = Release;
		};
		ECEA8E9929C77A4B004BFEDD /* Debug */ = {
			isa = XCBuildConfiguration;
			buildSettings = {
				ASSETCATALOG_COMPILER_APPICON_NAME = AppIcon;
				ASSETCATALOG_COMPILER_GLOBAL_ACCENT_COLOR_NAME = AccentColor;
				CODE_SIGN_STYLE = Automatic;
				CURRENT_PROJECT_VERSION = 1;
				DEVELOPMENT_ASSET_PATHS = "\"Example/Preview Content\"";
				DEVELOPMENT_TEAM = A64PRC4892;
				ENABLE_PREVIEWS = YES;
				GENERATE_INFOPLIST_FILE = YES;
				INFOPLIST_KEY_UIApplicationSceneManifest_Generation = YES;
				INFOPLIST_KEY_UIApplicationSupportsIndirectInputEvents = YES;
				INFOPLIST_KEY_UILaunchScreen_Generation = YES;
				INFOPLIST_KEY_UISupportedInterfaceOrientations_iPad = "UIInterfaceOrientationPortrait UIInterfaceOrientationPortraitUpsideDown UIInterfaceOrientationLandscapeLeft UIInterfaceOrientationLandscapeRight";
				INFOPLIST_KEY_UISupportedInterfaceOrientations_iPhone = "UIInterfaceOrientationPortrait UIInterfaceOrientationLandscapeLeft UIInterfaceOrientationLandscapeRight";
				IPHONEOS_DEPLOYMENT_TARGET = 15.0;
				LD_RUNPATH_SEARCH_PATHS = (
					"$(inherited)",
					"@executable_path/Frameworks",
				);
				MARKETING_VERSION = 1.0;
				PRODUCT_BUNDLE_IDENTIFIER = com.bolt.SDKExample;
				PRODUCT_NAME = "$(TARGET_NAME)";
				SWIFT_EMIT_LOC_STRINGS = YES;
				SWIFT_VERSION = 5.0;
				TARGETED_DEVICE_FAMILY = "1,2";
			};
			name = Debug;
		};
		ECEA8E9A29C77A4B004BFEDD /* Release */ = {
			isa = XCBuildConfiguration;
			buildSettings = {
				ASSETCATALOG_COMPILER_APPICON_NAME = AppIcon;
				ASSETCATALOG_COMPILER_GLOBAL_ACCENT_COLOR_NAME = AccentColor;
				CODE_SIGN_STYLE = Automatic;
				CURRENT_PROJECT_VERSION = 1;
				DEVELOPMENT_ASSET_PATHS = "\"Example/Preview Content\"";
				DEVELOPMENT_TEAM = A64PRC4892;
				ENABLE_PREVIEWS = YES;
				GENERATE_INFOPLIST_FILE = YES;
				INFOPLIST_KEY_UIApplicationSceneManifest_Generation = YES;
				INFOPLIST_KEY_UIApplicationSupportsIndirectInputEvents = YES;
				INFOPLIST_KEY_UILaunchScreen_Generation = YES;
				INFOPLIST_KEY_UISupportedInterfaceOrientations_iPad = "UIInterfaceOrientationPortrait UIInterfaceOrientationPortraitUpsideDown UIInterfaceOrientationLandscapeLeft UIInterfaceOrientationLandscapeRight";
				INFOPLIST_KEY_UISupportedInterfaceOrientations_iPhone = "UIInterfaceOrientationPortrait UIInterfaceOrientationLandscapeLeft UIInterfaceOrientationLandscapeRight";
				IPHONEOS_DEPLOYMENT_TARGET = 15.0;
				LD_RUNPATH_SEARCH_PATHS = (
					"$(inherited)",
					"@executable_path/Frameworks",
				);
				MARKETING_VERSION = 1.0;
				PRODUCT_BUNDLE_IDENTIFIER = com.bolt.SDKExample;
				PRODUCT_NAME = "$(TARGET_NAME)";
				SWIFT_EMIT_LOC_STRINGS = YES;
				SWIFT_VERSION = 5.0;
				TARGETED_DEVICE_FAMILY = "1,2";
			};
			name = Release;
		};
/* End XCBuildConfiguration section */

/* Begin XCConfigurationList section */
		ECEA8E8529C77A49004BFEDD /* Build configuration list for PBXProject "Example" */ = {
			isa = XCConfigurationList;
			buildConfigurations = (
				ECEA8E9629C77A4B004BFEDD /* Debug */,
				ECEA8E9729C77A4B004BFEDD /* Release */,
			);
			defaultConfigurationIsVisible = 0;
			defaultConfigurationName = Release;
		};
		ECEA8E9829C77A4B004BFEDD /* Build configuration list for PBXNativeTarget "Bolt SDK Example" */ = {
			isa = XCConfigurationList;
			buildConfigurations = (
				ECEA8E9929C77A4B004BFEDD /* Debug */,
				ECEA8E9A29C77A4B004BFEDD /* Release */,
			);
			defaultConfigurationIsVisible = 0;
			defaultConfigurationName = Release;
		};
/* End XCConfigurationList section */

/* Begin XCSwiftPackageProductDependency section */
		EC3C27E52C7690940058BED6 /* Bolt */ = {
			isa = XCSwiftPackageProductDependency;
			productName = Bolt;
		};
		EC44FE5A2BA63431006608A3 /* Bolt */ = {
			isa = XCSwiftPackageProductDependency;
			productName = Bolt;
		};
/* End XCSwiftPackageProductDependency section */
	};
	rootObject = ECEA8E8229C77A49004BFEDD /* Project object */;
}
